
Microsoft Visual Studio Solution File, Format Version 11.00
# Visual Studio 2010
Project("{FAE04EC0-301F-11D3-BF4B-00C04F79EFBC}") = "01_What_Is_Dependency_Injection", "01_What_Is_Dependency_Injection\01_What_Is_Dependency_Injection.csproj", "{4114527D-74C8-4C5C-8769-C1D749C720EB}"
EndProject
Project("{FAE04EC0-301F-11D3-BF4B-00C04F79EFBC}") = "TodoList.WithDI", "TodoList.WithDI\TodoList.WithDI.csproj", "{9B381A8A-D6AB-420A-91BE-D84B0B96D91D}"
EndProject
Project("{FAE04EC0-301F-11D3-BF4B-00C04F79EFBC}") = "TodoList.WithoutDI", "TodoList.WithoutDI\TodoList.WithoutDI.csproj", "{EC0A979A-D555-4809-8845-89B527FAF5BB}"
EndProject
Project("{FAE04EC0-301F-11D3-BF4B-00C04F79EFBC}") = "02_Various_DI_Methods", "02_Various_DI_Methods\02_Various_DI_Methods.csproj", "{CE1F31BE-B9CE-4424-964D-DE155816238B}"
EndProject
Project("{FAE04EC0-301F-11D3-BF4B-00C04F79EFBC}") = "03_What_Is_Inversion_Of_Control", "03_What_Is_Inversion_Of_Control\03_What_Is_Inversion_Of_Control.csproj", "{A12469C0-D72A-46F1-995B-51CA3991CF69}"
EndProject
Project("{FAE04EC0-301F-11D3-BF4B-00C04F79EFBC}") = "TodoList.WithIoC", "TodoList.WithIoC\TodoList.WithIoC.csproj", "{BE70C206-8E74-45DF-A01E-8CA065ECA811}"
EndProject
Project("{FAE04EC0-301F-11D3-BF4B-00C04F79EFBC}") = "04_ASPNETWebForms_PagesHandlersModulesAndResources", "04_ASPNETWebForms_PagesHandlersModulesAndResources\04_ASPNETWebForms_PagesHandlersModulesAndResources.csproj", "{A9B4EF77-C86F-4012-A161-F31A5F21B5AF}"
EndProject
Project("{FAE04EC0-301F-11D3-BF4B-00C04F79EFBC}") = "05_ASPNET_MVC", "05_ASPNET_MVC\05_ASPNET_MVC.csproj", "{1DADD734-3C36-40BB-9EB5-1CBB2E90C2A4}"
EndProject
Project("{FAE04EC0-301F-11D3-BF4B-00C04F79EFBC}") = "06_Windows_Service", "06_Windows_Service\06_Windows_Service.csproj", "{E1437915-105E-499E-9AFE-5250FD9321AF}"
EndProject
Project("{FAE04EC0-301F-11D3-BF4B-00C04F79EFBC}") = "07_Interception", "07_Interception\07_Interception.csproj", "{7F972A1C-4AC3-4846-AD7A-EF796D2607A3}"
EndProject
Project("{FAE04EC0-301F-11D3-BF4B-00C04F79EFBC}") = "08_AutoMapper", "08_AutoMapper\08_AutoMapper.csproj", "{9F8AA971-E33D-47FC-AF69-7E38C76AC4DB}"
EndProject
Project("{FAE04EC0-301F-11D3-BF4B-00C04F79EFBC}") = "09_Generics", "09_Generics\09_Generics.csproj", "{DE404625-AB64-4594-9A28-90244DC4D6B8}"
EndProject
Project("{FAE04EC0-301F-11D3-BF4B-00C04F79EFBC}") = "10_Conditional", "10_Conditional\10_Conditional.csproj", "{28464FB7-995C-4AF4-83B7-DC175CB46B30}"
EndProject
Project("{FAE04EC0-301F-11D3-BF4B-00C04F79EFBC}") = "11_UnitTesting_With_Mocks", "11_UnitTesting_With_Mocks\11_UnitTesting_With_Mocks.csproj", "{B6E474ED-BF6B-48FD-9E80-C033CE986C99}"
EndProject
Project("{FAE04EC0-301F-11D3-BF4B-00C04F79EFBC}") = "12_LazyLoading_With_LazyOfT", "12_LazyLoading_With_LazyOfT\12_LazyLoading_With_LazyOfT.csproj", "{7B31AF8A-7EF3-458D-BB22-357864565B72}"
EndProject
Project("{FAE04EC0-301F-11D3-BF4B-00C04F79EFBC}") = "13_More_Constructur_Injection", "13_More_Constructur_Injection\13_More_Constructur_Injection.csproj", "{003D64B0-EF5B-4234-ADDD-18161E8031D7}"
EndProject
Global
	GlobalSection(SolutionConfigurationPlatforms) = preSolution
		Debug|Any CPU = Debug|Any CPU
		Debug|Mixed Platforms = Debug|Mixed Platforms
		Debug|x86 = Debug|x86
		DI|Any CPU = DI|Any CPU
		DI|Mixed Platforms = DI|Mixed Platforms
		DI|x86 = DI|x86
		IoC|Any CPU = IoC|Any CPU
		IoC|Mixed Platforms = IoC|Mixed Platforms
		IoC|x86 = IoC|x86
		Release|Any CPU = Release|Any CPU
		Release|Mixed Platforms = Release|Mixed Platforms
		Release|x86 = Release|x86
	EndGlobalSection
	GlobalSection(ProjectConfigurationPlatforms) = postSolution
		{4114527D-74C8-4C5C-8769-C1D749C720EB}.Debug|Any CPU.ActiveCfg = Debug|x86
		{4114527D-74C8-4C5C-8769-C1D749C720EB}.Debug|Mixed Platforms.ActiveCfg = Debug|x86
		{4114527D-74C8-4C5C-8769-C1D749C720EB}.Debug|Mixed Platforms.Build.0 = Debug|x86
		{4114527D-74C8-4C5C-8769-C1D749C720EB}.Debug|x86.ActiveCfg = Debug|x86
		{4114527D-74C8-4C5C-8769-C1D749C720EB}.Debug|x86.Build.0 = Debug|x86
		{4114527D-74C8-4C5C-8769-C1D749C720EB}.DI|Any CPU.ActiveCfg = DI|x86
		{4114527D-74C8-4C5C-8769-C1D749C720EB}.DI|Mixed Platforms.ActiveCfg = DI|x86
		{4114527D-74C8-4C5C-8769-C1D749C720EB}.DI|Mixed Platforms.Build.0 = DI|x86
		{4114527D-74C8-4C5C-8769-C1D749C720EB}.DI|x86.ActiveCfg = DI|x86
		{4114527D-74C8-4C5C-8769-C1D749C720EB}.DI|x86.Build.0 = DI|x86
		{4114527D-74C8-4C5C-8769-C1D749C720EB}.IoC|Any CPU.ActiveCfg = IoC|x86
		{4114527D-74C8-4C5C-8769-C1D749C720EB}.IoC|Mixed Platforms.ActiveCfg = IoC|x86
		{4114527D-74C8-4C5C-8769-C1D749C720EB}.IoC|Mixed Platforms.Build.0 = IoC|x86
		{4114527D-74C8-4C5C-8769-C1D749C720EB}.IoC|x86.ActiveCfg = IoC|x86
		{4114527D-74C8-4C5C-8769-C1D749C720EB}.IoC|x86.Build.0 = IoC|x86
		{4114527D-74C8-4C5C-8769-C1D749C720EB}.Release|Any CPU.ActiveCfg = Release|x86
		{4114527D-74C8-4C5C-8769-C1D749C720EB}.Release|Mixed Platforms.ActiveCfg = Release|x86
		{4114527D-74C8-4C5C-8769-C1D749C720EB}.Release|Mixed Platforms.Build.0 = Release|x86
		{4114527D-74C8-4C5C-8769-C1D749C720EB}.Release|x86.ActiveCfg = Release|x86
		{4114527D-74C8-4C5C-8769-C1D749C720EB}.Release|x86.Build.0 = Release|x86
		{9B381A8A-D6AB-420A-91BE-D84B0B96D91D}.Debug|Any CPU.ActiveCfg = Debug|Any CPU
		{9B381A8A-D6AB-420A-91BE-D84B0B96D91D}.Debug|Any CPU.Build.0 = Debug|Any CPU
		{9B381A8A-D6AB-420A-91BE-D84B0B96D91D}.Debug|Mixed Platforms.ActiveCfg = Debug|Any CPU
		{9B381A8A-D6AB-420A-91BE-D84B0B96D91D}.Debug|Mixed Platforms.Build.0 = Debug|Any CPU
		{9B381A8A-D6AB-420A-91BE-D84B0B96D91D}.Debug|x86.ActiveCfg = Debug|Any CPU
		{9B381A8A-D6AB-420A-91BE-D84B0B96D91D}.DI|Any CPU.ActiveCfg = DI|Any CPU
		{9B381A8A-D6AB-420A-91BE-D84B0B96D91D}.DI|Any CPU.Build.0 = DI|Any CPU
		{9B381A8A-D6AB-420A-91BE-D84B0B96D91D}.DI|Mixed Platforms.ActiveCfg = DI|Any CPU
		{9B381A8A-D6AB-420A-91BE-D84B0B96D91D}.DI|Mixed Platforms.Build.0 = DI|Any CPU
		{9B381A8A-D6AB-420A-91BE-D84B0B96D91D}.DI|x86.ActiveCfg = DI|Any CPU
		{9B381A8A-D6AB-420A-91BE-D84B0B96D91D}.IoC|Any CPU.ActiveCfg = IoC|Any CPU
		{9B381A8A-D6AB-420A-91BE-D84B0B96D91D}.IoC|Any CPU.Build.0 = IoC|Any CPU
		{9B381A8A-D6AB-420A-91BE-D84B0B96D91D}.IoC|Mixed Platforms.ActiveCfg = IoC|Any CPU
		{9B381A8A-D6AB-420A-91BE-D84B0B96D91D}.IoC|Mixed Platforms.Build.0 = IoC|Any CPU
		{9B381A8A-D6AB-420A-91BE-D84B0B96D91D}.IoC|x86.ActiveCfg = IoC|Any CPU
		{9B381A8A-D6AB-420A-91BE-D84B0B96D91D}.Release|Any CPU.ActiveCfg = Release|Any CPU
		{9B381A8A-D6AB-420A-91BE-D84B0B96D91D}.Release|Any CPU.Build.0 = Release|Any CPU
		{9B381A8A-D6AB-420A-91BE-D84B0B96D91D}.Release|Mixed Platforms.ActiveCfg = Release|Any CPU
		{9B381A8A-D6AB-420A-91BE-D84B0B96D91D}.Release|Mixed Platforms.Build.0 = Release|Any CPU
		{9B381A8A-D6AB-420A-91BE-D84B0B96D91D}.Release|x86.ActiveCfg = Release|Any CPU
		{EC0A979A-D555-4809-8845-89B527FAF5BB}.Debug|Any CPU.ActiveCfg = Debug|Any CPU
		{EC0A979A-D555-4809-8845-89B527FAF5BB}.Debug|Any CPU.Build.0 = Debug|Any CPU
		{EC0A979A-D555-4809-8845-89B527FAF5BB}.Debug|Mixed Platforms.ActiveCfg = Debug|Any CPU
		{EC0A979A-D555-4809-8845-89B527FAF5BB}.Debug|Mixed Platforms.Build.0 = Debug|Any CPU
		{EC0A979A-D555-4809-8845-89B527FAF5BB}.Debug|x86.ActiveCfg = Debug|Any CPU
		{EC0A979A-D555-4809-8845-89B527FAF5BB}.DI|Any CPU.ActiveCfg = DI|Any CPU
		{EC0A979A-D555-4809-8845-89B527FAF5BB}.DI|Any CPU.Build.0 = DI|Any CPU
		{EC0A979A-D555-4809-8845-89B527FAF5BB}.DI|Mixed Platforms.ActiveCfg = DI|Any CPU
		{EC0A979A-D555-4809-8845-89B527FAF5BB}.DI|Mixed Platforms.Build.0 = DI|Any CPU
		{EC0A979A-D555-4809-8845-89B527FAF5BB}.DI|x86.ActiveCfg = DI|Any CPU
		{EC0A979A-D555-4809-8845-89B527FAF5BB}.IoC|Any CPU.ActiveCfg = IoC|Any CPU
		{EC0A979A-D555-4809-8845-89B527FAF5BB}.IoC|Any CPU.Build.0 = IoC|Any CPU
		{EC0A979A-D555-4809-8845-89B527FAF5BB}.IoC|Mixed Platforms.ActiveCfg = IoC|Any CPU
		{EC0A979A-D555-4809-8845-89B527FAF5BB}.IoC|Mixed Platforms.Build.0 = IoC|Any CPU
		{EC0A979A-D555-4809-8845-89B527FAF5BB}.IoC|x86.ActiveCfg = IoC|Any CPU
		{EC0A979A-D555-4809-8845-89B527FAF5BB}.Release|Any CPU.ActiveCfg = Release|Any CPU
		{EC0A979A-D555-4809-8845-89B527FAF5BB}.Release|Any CPU.Build.0 = Release|Any CPU
		{EC0A979A-D555-4809-8845-89B527FAF5BB}.Release|Mixed Platforms.ActiveCfg = Release|Any CPU
		{EC0A979A-D555-4809-8845-89B527FAF5BB}.Release|Mixed Platforms.Build.0 = Release|Any CPU
		{EC0A979A-D555-4809-8845-89B527FAF5BB}.Release|x86.ActiveCfg = Release|Any CPU
		{CE1F31BE-B9CE-4424-964D-DE155816238B}.Debug|Any CPU.ActiveCfg = Debug|x86
		{CE1F31BE-B9CE-4424-964D-DE155816238B}.Debug|Mixed Platforms.ActiveCfg = Debug|x86
		{CE1F31BE-B9CE-4424-964D-DE155816238B}.Debug|Mixed Platforms.Build.0 = Debug|x86
		{CE1F31BE-B9CE-4424-964D-DE155816238B}.Debug|x86.ActiveCfg = Debug|x86
		{CE1F31BE-B9CE-4424-964D-DE155816238B}.Debug|x86.Build.0 = Debug|x86
		{CE1F31BE-B9CE-4424-964D-DE155816238B}.DI|Any CPU.ActiveCfg = Debug|x86
		{CE1F31BE-B9CE-4424-964D-DE155816238B}.DI|Mixed Platforms.ActiveCfg = Debug|x86
		{CE1F31BE-B9CE-4424-964D-DE155816238B}.DI|Mixed Platforms.Build.0 = Debug|x86
		{CE1F31BE-B9CE-4424-964D-DE155816238B}.DI|x86.ActiveCfg = Debug|x86
		{CE1F31BE-B9CE-4424-964D-DE155816238B}.DI|x86.Build.0 = Debug|x86
		{CE1F31BE-B9CE-4424-964D-DE155816238B}.IoC|Any CPU.ActiveCfg = Release|x86
		{CE1F31BE-B9CE-4424-964D-DE155816238B}.IoC|Mixed Platforms.ActiveCfg = Release|x86
		{CE1F31BE-B9CE-4424-964D-DE155816238B}.IoC|Mixed Platforms.Build.0 = Release|x86
		{CE1F31BE-B9CE-4424-964D-DE155816238B}.IoC|x86.ActiveCfg = Release|x86
		{CE1F31BE-B9CE-4424-964D-DE155816238B}.IoC|x86.Build.0 = Release|x86
		{CE1F31BE-B9CE-4424-964D-DE155816238B}.Release|Any CPU.ActiveCfg = Release|x86
		{CE1F31BE-B9CE-4424-964D-DE155816238B}.Release|Mixed Platforms.ActiveCfg = Release|x86
		{CE1F31BE-B9CE-4424-964D-DE155816238B}.Release|Mixed Platforms.Build.0 = Release|x86
		{CE1F31BE-B9CE-4424-964D-DE155816238B}.Release|x86.ActiveCfg = Release|x86
		{CE1F31BE-B9CE-4424-964D-DE155816238B}.Release|x86.Build.0 = Release|x86
		{A12469C0-D72A-46F1-995B-51CA3991CF69}.Debug|Any CPU.ActiveCfg = Debug|x86
		{A12469C0-D72A-46F1-995B-51CA3991CF69}.Debug|Mixed Platforms.ActiveCfg = Debug|x86
		{A12469C0-D72A-46F1-995B-51CA3991CF69}.Debug|Mixed Platforms.Build.0 = Debug|x86
		{A12469C0-D72A-46F1-995B-51CA3991CF69}.Debug|x86.ActiveCfg = Debug|x86
		{A12469C0-D72A-46F1-995B-51CA3991CF69}.Debug|x86.Build.0 = Debug|x86
		{A12469C0-D72A-46F1-995B-51CA3991CF69}.DI|Any CPU.ActiveCfg = Debug|x86
		{A12469C0-D72A-46F1-995B-51CA3991CF69}.DI|Mixed Platforms.ActiveCfg = Debug|x86
		{A12469C0-D72A-46F1-995B-51CA3991CF69}.DI|Mixed Platforms.Build.0 = Debug|x86
		{A12469C0-D72A-46F1-995B-51CA3991CF69}.DI|x86.ActiveCfg = Debug|x86
		{A12469C0-D72A-46F1-995B-51CA3991CF69}.DI|x86.Build.0 = Debug|x86
		{A12469C0-D72A-46F1-995B-51CA3991CF69}.IoC|Any CPU.ActiveCfg = Release|x86
		{A12469C0-D72A-46F1-995B-51CA3991CF69}.IoC|Mixed Platforms.ActiveCfg = Release|x86
		{A12469C0-D72A-46F1-995B-51CA3991CF69}.IoC|Mixed Platforms.Build.0 = Release|x86
		{A12469C0-D72A-46F1-995B-51CA3991CF69}.IoC|x86.ActiveCfg = Release|x86
		{A12469C0-D72A-46F1-995B-51CA3991CF69}.IoC|x86.Build.0 = Release|x86
		{A12469C0-D72A-46F1-995B-51CA3991CF69}.Release|Any CPU.ActiveCfg = Release|x86
		{A12469C0-D72A-46F1-995B-51CA3991CF69}.Release|Mixed Platforms.ActiveCfg = Release|x86
		{A12469C0-D72A-46F1-995B-51CA3991CF69}.Release|Mixed Platforms.Build.0 = Release|x86
		{A12469C0-D72A-46F1-995B-51CA3991CF69}.Release|x86.ActiveCfg = Release|x86
		{A12469C0-D72A-46F1-995B-51CA3991CF69}.Release|x86.Build.0 = Release|x86
		{BE70C206-8E74-45DF-A01E-8CA065ECA811}.Debug|Any CPU.ActiveCfg = Debug|Any CPU
		{BE70C206-8E74-45DF-A01E-8CA065ECA811}.Debug|Any CPU.Build.0 = Debug|Any CPU
		{BE70C206-8E74-45DF-A01E-8CA065ECA811}.Debug|Mixed Platforms.ActiveCfg = Debug|Any CPU
		{BE70C206-8E74-45DF-A01E-8CA065ECA811}.Debug|Mixed Platforms.Build.0 = Debug|Any CPU
		{BE70C206-8E74-45DF-A01E-8CA065ECA811}.Debug|x86.ActiveCfg = Debug|Any CPU
		{BE70C206-8E74-45DF-A01E-8CA065ECA811}.DI|Any CPU.ActiveCfg = Debug|Any CPU
		{BE70C206-8E74-45DF-A01E-8CA065ECA811}.DI|Any CPU.Build.0 = Debug|Any CPU
		{BE70C206-8E74-45DF-A01E-8CA065ECA811}.DI|Mixed Platforms.ActiveCfg = Debug|Any CPU
		{BE70C206-8E74-45DF-A01E-8CA065ECA811}.DI|Mixed Platforms.Build.0 = Debug|Any CPU
		{BE70C206-8E74-45DF-A01E-8CA065ECA811}.DI|x86.ActiveCfg = Debug|Any CPU
		{BE70C206-8E74-45DF-A01E-8CA065ECA811}.IoC|Any CPU.ActiveCfg = Release|Any CPU
		{BE70C206-8E74-45DF-A01E-8CA065ECA811}.IoC|Any CPU.Build.0 = Release|Any CPU
		{BE70C206-8E74-45DF-A01E-8CA065ECA811}.IoC|Mixed Platforms.ActiveCfg = Release|Any CPU
		{BE70C206-8E74-45DF-A01E-8CA065ECA811}.IoC|Mixed Platforms.Build.0 = Release|Any CPU
		{BE70C206-8E74-45DF-A01E-8CA065ECA811}.IoC|x86.ActiveCfg = Release|Any CPU
		{BE70C206-8E74-45DF-A01E-8CA065ECA811}.Release|Any CPU.ActiveCfg = Release|Any CPU
		{BE70C206-8E74-45DF-A01E-8CA065ECA811}.Release|Any CPU.Build.0 = Release|Any CPU
		{BE70C206-8E74-45DF-A01E-8CA065ECA811}.Release|Mixed Platforms.ActiveCfg = Release|Any CPU
		{BE70C206-8E74-45DF-A01E-8CA065ECA811}.Release|Mixed Platforms.Build.0 = Release|Any CPU
		{BE70C206-8E74-45DF-A01E-8CA065ECA811}.Release|x86.ActiveCfg = Release|Any CPU
		{A9B4EF77-C86F-4012-A161-F31A5F21B5AF}.Debug|Any CPU.ActiveCfg = Debug|Any CPU
		{A9B4EF77-C86F-4012-A161-F31A5F21B5AF}.Debug|Any CPU.Build.0 = Debug|Any CPU
		{A9B4EF77-C86F-4012-A161-F31A5F21B5AF}.Debug|Mixed Platforms.ActiveCfg = Debug|Any CPU
		{A9B4EF77-C86F-4012-A161-F31A5F21B5AF}.Debug|Mixed Platforms.Build.0 = Debug|Any CPU
		{A9B4EF77-C86F-4012-A161-F31A5F21B5AF}.Debug|x86.ActiveCfg = Debug|Any CPU
		{A9B4EF77-C86F-4012-A161-F31A5F21B5AF}.DI|Any CPU.ActiveCfg = Debug|Any CPU
		{A9B4EF77-C86F-4012-A161-F31A5F21B5AF}.DI|Any CPU.Build.0 = Debug|Any CPU
		{A9B4EF77-C86F-4012-A161-F31A5F21B5AF}.DI|Mixed Platforms.ActiveCfg = Debug|Any CPU
		{A9B4EF77-C86F-4012-A161-F31A5F21B5AF}.DI|Mixed Platforms.Build.0 = Debug|Any CPU
		{A9B4EF77-C86F-4012-A161-F31A5F21B5AF}.DI|x86.ActiveCfg = Debug|Any CPU
		{A9B4EF77-C86F-4012-A161-F31A5F21B5AF}.IoC|Any CPU.ActiveCfg = Release|Any CPU
		{A9B4EF77-C86F-4012-A161-F31A5F21B5AF}.IoC|Any CPU.Build.0 = Release|Any CPU
		{A9B4EF77-C86F-4012-A161-F31A5F21B5AF}.IoC|Mixed Platforms.ActiveCfg = Release|Any CPU
		{A9B4EF77-C86F-4012-A161-F31A5F21B5AF}.IoC|Mixed Platforms.Build.0 = Release|Any CPU
		{A9B4EF77-C86F-4012-A161-F31A5F21B5AF}.IoC|x86.ActiveCfg = Release|Any CPU
		{A9B4EF77-C86F-4012-A161-F31A5F21B5AF}.Release|Any CPU.ActiveCfg = Release|Any CPU
		{A9B4EF77-C86F-4012-A161-F31A5F21B5AF}.Release|Any CPU.Build.0 = Release|Any CPU
		{A9B4EF77-C86F-4012-A161-F31A5F21B5AF}.Release|Mixed Platforms.ActiveCfg = Release|Any CPU
		{A9B4EF77-C86F-4012-A161-F31A5F21B5AF}.Release|Mixed Platforms.Build.0 = Release|Any CPU
		{A9B4EF77-C86F-4012-A161-F31A5F21B5AF}.Release|x86.ActiveCfg = Release|Any CPU
		{1DADD734-3C36-40BB-9EB5-1CBB2E90C2A4}.Debug|Any CPU.ActiveCfg = Debug|Any CPU
		{1DADD734-3C36-40BB-9EB5-1CBB2E90C2A4}.Debug|Any CPU.Build.0 = Debug|Any CPU
		{1DADD734-3C36-40BB-9EB5-1CBB2E90C2A4}.Debug|Mixed Platforms.ActiveCfg = Debug|Any CPU
		{1DADD734-3C36-40BB-9EB5-1CBB2E90C2A4}.Debug|Mixed Platforms.Build.0 = Debug|Any CPU
		{1DADD734-3C36-40BB-9EB5-1CBB2E90C2A4}.Debug|x86.ActiveCfg = Debug|Any CPU
		{1DADD734-3C36-40BB-9EB5-1CBB2E90C2A4}.DI|Any CPU.ActiveCfg = Debug|Any CPU
		{1DADD734-3C36-40BB-9EB5-1CBB2E90C2A4}.DI|Any CPU.Build.0 = Debug|Any CPU
		{1DADD734-3C36-40BB-9EB5-1CBB2E90C2A4}.DI|Mixed Platforms.ActiveCfg = Debug|Any CPU
		{1DADD734-3C36-40BB-9EB5-1CBB2E90C2A4}.DI|Mixed Platforms.Build.0 = Debug|Any CPU
		{1DADD734-3C36-40BB-9EB5-1CBB2E90C2A4}.DI|x86.ActiveCfg = Debug|Any CPU
		{1DADD734-3C36-40BB-9EB5-1CBB2E90C2A4}.IoC|Any CPU.ActiveCfg = Release|Any CPU
		{1DADD734-3C36-40BB-9EB5-1CBB2E90C2A4}.IoC|Any CPU.Build.0 = Release|Any CPU
		{1DADD734-3C36-40BB-9EB5-1CBB2E90C2A4}.IoC|Mixed Platforms.ActiveCfg = Release|Any CPU
		{1DADD734-3C36-40BB-9EB5-1CBB2E90C2A4}.IoC|Mixed Platforms.Build.0 = Release|Any CPU
		{1DADD734-3C36-40BB-9EB5-1CBB2E90C2A4}.IoC|x86.ActiveCfg = Release|Any CPU
		{1DADD734-3C36-40BB-9EB5-1CBB2E90C2A4}.Release|Any CPU.ActiveCfg = Release|Any CPU
		{1DADD734-3C36-40BB-9EB5-1CBB2E90C2A4}.Release|Any CPU.Build.0 = Release|Any CPU
		{1DADD734-3C36-40BB-9EB5-1CBB2E90C2A4}.Release|Mixed Platforms.ActiveCfg = Release|Any CPU
		{1DADD734-3C36-40BB-9EB5-1CBB2E90C2A4}.Release|Mixed Platforms.Build.0 = Release|Any CPU
		{1DADD734-3C36-40BB-9EB5-1CBB2E90C2A4}.Release|x86.ActiveCfg = Release|Any CPU
		{E1437915-105E-499E-9AFE-5250FD9321AF}.Debug|Any CPU.ActiveCfg = Debug|x86
		{E1437915-105E-499E-9AFE-5250FD9321AF}.Debug|Mixed Platforms.ActiveCfg = Debug|x86
		{E1437915-105E-499E-9AFE-5250FD9321AF}.Debug|Mixed Platforms.Build.0 = Debug|x86
		{E1437915-105E-499E-9AFE-5250FD9321AF}.Debug|x86.ActiveCfg = Debug|x86
		{E1437915-105E-499E-9AFE-5250FD9321AF}.Debug|x86.Build.0 = Debug|x86
		{E1437915-105E-499E-9AFE-5250FD9321AF}.DI|Any CPU.ActiveCfg = Debug|x86
		{E1437915-105E-499E-9AFE-5250FD9321AF}.DI|Mixed Platforms.ActiveCfg = Debug|x86
		{E1437915-105E-499E-9AFE-5250FD9321AF}.DI|Mixed Platforms.Build.0 = Debug|x86
		{E1437915-105E-499E-9AFE-5250FD9321AF}.DI|x86.ActiveCfg = Debug|x86
		{E1437915-105E-499E-9AFE-5250FD9321AF}.DI|x86.Build.0 = Debug|x86
		{E1437915-105E-499E-9AFE-5250FD9321AF}.IoC|Any CPU.ActiveCfg = Release|x86
		{E1437915-105E-499E-9AFE-5250FD9321AF}.IoC|Mixed Platforms.ActiveCfg = Release|x86
		{E1437915-105E-499E-9AFE-5250FD9321AF}.IoC|Mixed Platforms.Build.0 = Release|x86
		{E1437915-105E-499E-9AFE-5250FD9321AF}.IoC|x86.ActiveCfg = Release|x86
		{E1437915-105E-499E-9AFE-5250FD9321AF}.IoC|x86.Build.0 = Release|x86
		{E1437915-105E-499E-9AFE-5250FD9321AF}.Release|Any CPU.ActiveCfg = Release|x86
		{E1437915-105E-499E-9AFE-5250FD9321AF}.Release|Mixed Platforms.ActiveCfg = Release|x86
		{E1437915-105E-499E-9AFE-5250FD9321AF}.Release|Mixed Platforms.Build.0 = Release|x86
		{E1437915-105E-499E-9AFE-5250FD9321AF}.Release|x86.ActiveCfg = Release|x86
		{E1437915-105E-499E-9AFE-5250FD9321AF}.Release|x86.Build.0 = Release|x86
		{7F972A1C-4AC3-4846-AD7A-EF796D2607A3}.Debug|Any CPU.ActiveCfg = Debug|x86
		{7F972A1C-4AC3-4846-AD7A-EF796D2607A3}.Debug|Mixed Platforms.ActiveCfg = Debug|x86
		{7F972A1C-4AC3-4846-AD7A-EF796D2607A3}.Debug|Mixed Platforms.Build.0 = Debug|x86
		{7F972A1C-4AC3-4846-AD7A-EF796D2607A3}.Debug|x86.ActiveCfg = Debug|x86
		{7F972A1C-4AC3-4846-AD7A-EF796D2607A3}.Debug|x86.Build.0 = Debug|x86
		{7F972A1C-4AC3-4846-AD7A-EF796D2607A3}.DI|Any CPU.ActiveCfg = Debug|x86
		{7F972A1C-4AC3-4846-AD7A-EF796D2607A3}.DI|Mixed Platforms.ActiveCfg = Debug|x86
		{7F972A1C-4AC3-4846-AD7A-EF796D2607A3}.DI|Mixed Platforms.Build.0 = Debug|x86
		{7F972A1C-4AC3-4846-AD7A-EF796D2607A3}.DI|x86.ActiveCfg = Debug|x86
		{7F972A1C-4AC3-4846-AD7A-EF796D2607A3}.DI|x86.Build.0 = Debug|x86
		{7F972A1C-4AC3-4846-AD7A-EF796D2607A3}.IoC|Any CPU.ActiveCfg = Release|x86
		{7F972A1C-4AC3-4846-AD7A-EF796D2607A3}.IoC|Mixed Platforms.ActiveCfg = Release|x86
		{7F972A1C-4AC3-4846-AD7A-EF796D2607A3}.IoC|Mixed Platforms.Build.0 = Release|x86
		{7F972A1C-4AC3-4846-AD7A-EF796D2607A3}.IoC|x86.ActiveCfg = Release|x86
		{7F972A1C-4AC3-4846-AD7A-EF796D2607A3}.IoC|x86.Build.0 = Release|x86
		{7F972A1C-4AC3-4846-AD7A-EF796D2607A3}.Release|Any CPU.ActiveCfg = Release|x86
		{7F972A1C-4AC3-4846-AD7A-EF796D2607A3}.Release|Mixed Platforms.ActiveCfg = Release|x86
		{7F972A1C-4AC3-4846-AD7A-EF796D2607A3}.Release|Mixed Platforms.Build.0 = Release|x86
		{7F972A1C-4AC3-4846-AD7A-EF796D2607A3}.Release|x86.ActiveCfg = Release|x86
		{7F972A1C-4AC3-4846-AD7A-EF796D2607A3}.Release|x86.Build.0 = Release|x86
		{9F8AA971-E33D-47FC-AF69-7E38C76AC4DB}.Debug|Any CPU.ActiveCfg = Debug|x86
		{9F8AA971-E33D-47FC-AF69-7E38C76AC4DB}.Debug|Mixed Platforms.ActiveCfg = Debug|x86
		{9F8AA971-E33D-47FC-AF69-7E38C76AC4DB}.Debug|Mixed Platforms.Build.0 = Debug|x86
		{9F8AA971-E33D-47FC-AF69-7E38C76AC4DB}.Debug|x86.ActiveCfg = Debug|x86
		{9F8AA971-E33D-47FC-AF69-7E38C76AC4DB}.Debug|x86.Build.0 = Debug|x86
		{9F8AA971-E33D-47FC-AF69-7E38C76AC4DB}.DI|Any CPU.ActiveCfg = Debug|x86
		{9F8AA971-E33D-47FC-AF69-7E38C76AC4DB}.DI|Mixed Platforms.ActiveCfg = Debug|x86
		{9F8AA971-E33D-47FC-AF69-7E38C76AC4DB}.DI|Mixed Platforms.Build.0 = Debug|x86
		{9F8AA971-E33D-47FC-AF69-7E38C76AC4DB}.DI|x86.ActiveCfg = Debug|x86
		{9F8AA971-E33D-47FC-AF69-7E38C76AC4DB}.DI|x86.Build.0 = Debug|x86
		{9F8AA971-E33D-47FC-AF69-7E38C76AC4DB}.IoC|Any CPU.ActiveCfg = Release|x86
		{9F8AA971-E33D-47FC-AF69-7E38C76AC4DB}.IoC|Mixed Platforms.ActiveCfg = Release|x86
		{9F8AA971-E33D-47FC-AF69-7E38C76AC4DB}.IoC|Mixed Platforms.Build.0 = Release|x86
		{9F8AA971-E33D-47FC-AF69-7E38C76AC4DB}.IoC|x86.ActiveCfg = Release|x86
		{9F8AA971-E33D-47FC-AF69-7E38C76AC4DB}.IoC|x86.Build.0 = Release|x86
		{9F8AA971-E33D-47FC-AF69-7E38C76AC4DB}.Release|Any CPU.ActiveCfg = Release|x86
		{9F8AA971-E33D-47FC-AF69-7E38C76AC4DB}.Release|Mixed Platforms.ActiveCfg = Release|x86
		{9F8AA971-E33D-47FC-AF69-7E38C76AC4DB}.Release|Mixed Platforms.Build.0 = Release|x86
		{9F8AA971-E33D-47FC-AF69-7E38C76AC4DB}.Release|x86.ActiveCfg = Release|x86
		{9F8AA971-E33D-47FC-AF69-7E38C76AC4DB}.Release|x86.Build.0 = Release|x86
		{DE404625-AB64-4594-9A28-90244DC4D6B8}.Debug|Any CPU.ActiveCfg = Debug|x86
		{DE404625-AB64-4594-9A28-90244DC4D6B8}.Debug|Mixed Platforms.ActiveCfg = Debug|x86
		{DE404625-AB64-4594-9A28-90244DC4D6B8}.Debug|Mixed Platforms.Build.0 = Debug|x86
		{DE404625-AB64-4594-9A28-90244DC4D6B8}.Debug|x86.ActiveCfg = Debug|x86
		{DE404625-AB64-4594-9A28-90244DC4D6B8}.Debug|x86.Build.0 = Debug|x86
		{DE404625-AB64-4594-9A28-90244DC4D6B8}.DI|Any CPU.ActiveCfg = Debug|x86
		{DE404625-AB64-4594-9A28-90244DC4D6B8}.DI|Mixed Platforms.ActiveCfg = Debug|x86
		{DE404625-AB64-4594-9A28-90244DC4D6B8}.DI|Mixed Platforms.Build.0 = Debug|x86
		{DE404625-AB64-4594-9A28-90244DC4D6B8}.DI|x86.ActiveCfg = Debug|x86
		{DE404625-AB64-4594-9A28-90244DC4D6B8}.DI|x86.Build.0 = Debug|x86
		{DE404625-AB64-4594-9A28-90244DC4D6B8}.IoC|Any CPU.ActiveCfg = Release|x86
		{DE404625-AB64-4594-9A28-90244DC4D6B8}.IoC|Mixed Platforms.ActiveCfg = Release|x86
		{DE404625-AB64-4594-9A28-90244DC4D6B8}.IoC|Mixed Platforms.Build.0 = Release|x86
		{DE404625-AB64-4594-9A28-90244DC4D6B8}.IoC|x86.ActiveCfg = Release|x86
		{DE404625-AB64-4594-9A28-90244DC4D6B8}.IoC|x86.Build.0 = Release|x86
		{DE404625-AB64-4594-9A28-90244DC4D6B8}.Release|Any CPU.ActiveCfg = Release|x86
		{DE404625-AB64-4594-9A28-90244DC4D6B8}.Release|Mixed Platforms.ActiveCfg = Release|x86
		{DE404625-AB64-4594-9A28-90244DC4D6B8}.Release|Mixed Platforms.Build.0 = Release|x86
		{DE404625-AB64-4594-9A28-90244DC4D6B8}.Release|x86.ActiveCfg = Release|x86
		{DE404625-AB64-4594-9A28-90244DC4D6B8}.Release|x86.Build.0 = Release|x86
		{28464FB7-995C-4AF4-83B7-DC175CB46B30}.Debug|Any CPU.ActiveCfg = Debug|x86
		{28464FB7-995C-4AF4-83B7-DC175CB46B30}.Debug|Mixed Platforms.ActiveCfg = Debug|x86
		{28464FB7-995C-4AF4-83B7-DC175CB46B30}.Debug|Mixed Platforms.Build.0 = Debug|x86
		{28464FB7-995C-4AF4-83B7-DC175CB46B30}.Debug|x86.ActiveCfg = Debug|x86
		{28464FB7-995C-4AF4-83B7-DC175CB46B30}.Debug|x86.Build.0 = Debug|x86
		{28464FB7-995C-4AF4-83B7-DC175CB46B30}.DI|Any CPU.ActiveCfg = Debug|x86
		{28464FB7-995C-4AF4-83B7-DC175CB46B30}.DI|Mixed Platforms.ActiveCfg = Debug|x86
		{28464FB7-995C-4AF4-83B7-DC175CB46B30}.DI|Mixed Platforms.Build.0 = Debug|x86
		{28464FB7-995C-4AF4-83B7-DC175CB46B30}.DI|x86.ActiveCfg = Debug|x86
		{28464FB7-995C-4AF4-83B7-DC175CB46B30}.DI|x86.Build.0 = Debug|x86
		{28464FB7-995C-4AF4-83B7-DC175CB46B30}.IoC|Any CPU.ActiveCfg = Release|x86
		{28464FB7-995C-4AF4-83B7-DC175CB46B30}.IoC|Mixed Platforms.ActiveCfg = Release|x86
		{28464FB7-995C-4AF4-83B7-DC175CB46B30}.IoC|Mixed Platforms.Build.0 = Release|x86
		{28464FB7-995C-4AF4-83B7-DC175CB46B30}.IoC|x86.ActiveCfg = Release|x86
		{28464FB7-995C-4AF4-83B7-DC175CB46B30}.IoC|x86.Build.0 = Release|x86
		{28464FB7-995C-4AF4-83B7-DC175CB46B30}.Release|Any CPU.ActiveCfg = Release|x86
		{28464FB7-995C-4AF4-83B7-DC175CB46B30}.Release|Mixed Platforms.ActiveCfg = Release|x86
		{28464FB7-995C-4AF4-83B7-DC175CB46B30}.Release|Mixed Platforms.Build.0 = Release|x86
		{28464FB7-995C-4AF4-83B7-DC175CB46B30}.Release|x86.ActiveCfg = Release|x86
		{28464FB7-995C-4AF4-83B7-DC175CB46B30}.Release|x86.Build.0 = Release|x86
		{B6E474ED-BF6B-48FD-9E80-C033CE986C99}.Debug|Any CPU.ActiveCfg = Debug|Any CPU
		{B6E474ED-BF6B-48FD-9E80-C033CE986C99}.Debug|Any CPU.Build.0 = Debug|Any CPU
		{B6E474ED-BF6B-48FD-9E80-C033CE986C99}.Debug|Mixed Platforms.ActiveCfg = Debug|Any CPU
		{B6E474ED-BF6B-48FD-9E80-C033CE986C99}.Debug|Mixed Platforms.Build.0 = Debug|Any CPU
		{B6E474ED-BF6B-48FD-9E80-C033CE986C99}.Debug|x86.ActiveCfg = Debug|Any CPU
		{B6E474ED-BF6B-48FD-9E80-C033CE986C99}.DI|Any CPU.ActiveCfg = Debug|Any CPU
		{B6E474ED-BF6B-48FD-9E80-C033CE986C99}.DI|Any CPU.Build.0 = Debug|Any CPU
		{B6E474ED-BF6B-48FD-9E80-C033CE986C99}.DI|Mixed Platforms.ActiveCfg = Debug|Any CPU
		{B6E474ED-BF6B-48FD-9E80-C033CE986C99}.DI|Mixed Platforms.Build.0 = Debug|Any CPU
		{B6E474ED-BF6B-48FD-9E80-C033CE986C99}.DI|x86.ActiveCfg = Debug|Any CPU
		{B6E474ED-BF6B-48FD-9E80-C033CE986C99}.IoC|Any CPU.ActiveCfg = Release|Any CPU
		{B6E474ED-BF6B-48FD-9E80-C033CE986C99}.IoC|Any CPU.Build.0 = Release|Any CPU
		{B6E474ED-BF6B-48FD-9E80-C033CE986C99}.IoC|Mixed Platforms.ActiveCfg = Release|Any CPU
		{B6E474ED-BF6B-48FD-9E80-C033CE986C99}.IoC|Mixed Platforms.Build.0 = Release|Any CPU
		{B6E474ED-BF6B-48FD-9E80-C033CE986C99}.IoC|x86.ActiveCfg = Release|Any CPU
		{B6E474ED-BF6B-48FD-9E80-C033CE986C99}.Release|Any CPU.ActiveCfg = Release|Any CPU
		{B6E474ED-BF6B-48FD-9E80-C033CE986C99}.Release|Any CPU.Build.0 = Release|Any CPU
		{B6E474ED-BF6B-48FD-9E80-C033CE986C99}.Release|Mixed Platforms.ActiveCfg = Release|Any CPU
		{B6E474ED-BF6B-48FD-9E80-C033CE986C99}.Release|Mixed Platforms.Build.0 = Release|Any CPU
		{B6E474ED-BF6B-48FD-9E80-C033CE986C99}.Release|x86.ActiveCfg = Release|Any CPU
		{7B31AF8A-7EF3-458D-BB22-357864565B72}.Debug|Any CPU.ActiveCfg = Debug|x86
		{7B31AF8A-7EF3-458D-BB22-357864565B72}.Debug|Mixed Platforms.ActiveCfg = Debug|x86
		{7B31AF8A-7EF3-458D-BB22-357864565B72}.Debug|Mixed Platforms.Build.0 = Debug|x86
		{7B31AF8A-7EF3-458D-BB22-357864565B72}.Debug|x86.ActiveCfg = Debug|x86
		{7B31AF8A-7EF3-458D-BB22-357864565B72}.Debug|x86.Build.0 = Debug|x86
		{7B31AF8A-7EF3-458D-BB22-357864565B72}.DI|Any CPU.ActiveCfg = Debug|x86
		{7B31AF8A-7EF3-458D-BB22-357864565B72}.DI|Mixed Platforms.ActiveCfg = Debug|x86
		{7B31AF8A-7EF3-458D-BB22-357864565B72}.DI|Mixed Platforms.Build.0 = Debug|x86
		{7B31AF8A-7EF3-458D-BB22-357864565B72}.DI|x86.ActiveCfg = Debug|x86
		{7B31AF8A-7EF3-458D-BB22-357864565B72}.DI|x86.Build.0 = Debug|x86
		{7B31AF8A-7EF3-458D-BB22-357864565B72}.IoC|Any CPU.ActiveCfg = Release|x86
		{7B31AF8A-7EF3-458D-BB22-357864565B72}.IoC|Mixed Platforms.ActiveCfg = Release|x86
		{7B31AF8A-7EF3-458D-BB22-357864565B72}.IoC|Mixed Platforms.Build.0 = Release|x86
		{7B31AF8A-7EF3-458D-BB22-357864565B72}.IoC|x86.ActiveCfg = Release|x86
		{7B31AF8A-7EF3-458D-BB22-357864565B72}.IoC|x86.Build.0 = Release|x86
		{7B31AF8A-7EF3-458D-BB22-357864565B72}.Release|Any CPU.ActiveCfg = Release|x86
		{7B31AF8A-7EF3-458D-BB22-357864565B72}.Release|Mixed Platforms.ActiveCfg = Release|x86
		{7B31AF8A-7EF3-458D-BB22-357864565B72}.Release|Mixed Platforms.Build.0 = Release|x86
		{7B31AF8A-7EF3-458D-BB22-357864565B72}.Release|x86.ActiveCfg = Release|x86
		{7B31AF8A-7EF3-458D-BB22-357864565B72}.Release|x86.Build.0 = Release|x86
		{003D64B0-EF5B-4234-ADDD-18161E8031D7}.Debug|Any CPU.ActiveCfg = Debug|x86
		{003D64B0-EF5B-4234-ADDD-18161E8031D7}.Debug|Mixed Platforms.ActiveCfg = Debug|x86
		{003D64B0-EF5B-4234-ADDD-18161E8031D7}.Debug|Mixed Platforms.Build.0 = Debug|x86
		{003D64B0-EF5B-4234-ADDD-18161E8031D7}.Debug|x86.ActiveCfg = Debug|x86
		{003D64B0-EF5B-4234-ADDD-18161E8031D7}.Debug|x86.Build.0 = Debug|x86
		{003D64B0-EF5B-4234-ADDD-18161E8031D7}.DI|Any CPU.ActiveCfg = Debug|x86
		{003D64B0-EF5B-4234-ADDD-18161E8031D7}.DI|Mixed Platforms.ActiveCfg = Debug|x86
		{003D64B0-EF5B-4234-ADDD-18161E8031D7}.DI|Mixed Platforms.Build.0 = Debug|x86
		{003D64B0-EF5B-4234-ADDD-18161E8031D7}.DI|x86.ActiveCfg = Debug|x86
		{003D64B0-EF5B-4234-ADDD-18161E8031D7}.DI|x86.Build.0 = Debug|x86
		{003D64B0-EF5B-4234-ADDD-18161E8031D7}.IoC|Any CPU.ActiveCfg = Release|x86
		{003D64B0-EF5B-4234-ADDD-18161E8031D7}.IoC|Mixed Platforms.ActiveCfg = Release|x86
		{003D64B0-EF5B-4234-ADDD-18161E8031D7}.IoC|Mixed Platforms.Build.0 = Release|x86
		{003D64B0-EF5B-4234-ADDD-18161E8031D7}.IoC|x86.ActiveCfg = Release|x86
		{003D64B0-EF5B-4234-ADDD-18161E8031D7}.IoC|x86.Build.0 = Release|x86
		{003D64B0-EF5B-4234-ADDD-18161E8031D7}.Release|Any CPU.ActiveCfg = Release|x86
		{003D64B0-EF5B-4234-ADDD-18161E8031D7}.Release|Mixed Platforms.ActiveCfg = Release|x86
		{003D64B0-EF5B-4234-ADDD-18161E8031D7}.Release|Mixed Platforms.Build.0 = Release|x86
		{003D64B0-EF5B-4234-ADDD-18161E8031D7}.Release|x86.ActiveCfg = Release|x86
		{003D64B0-EF5B-4234-ADDD-18161E8031D7}.Release|x86.Build.0 = Release|x86
	EndGlobalSection
	GlobalSection(SolutionProperties) = preSolution
		HideSolutionNode = FALSE
	EndGlobalSection
EndGlobal
